
Microsoft Visual Studio Solution File, Format Version 12.00
# Visual Studio 14
VisualStudioVersion = 14.0.25420.1
MinimumVisualStudioVersion = 10.0.40219.1
Project("{8BC9CEB8-8B4A-11D0-8D11-00A0C91BC942}") = "YTControl", "YTControl\YTControl.vcxproj", "{4324903A-D59A-42B9-91C8-B786A6117C93}"
	ProjectSection(ProjectDependencies) = postProject
		{19359162-2614-4CC3-81B1-AAB168C7FDAF} = {19359162-2614-4CC3-81B1-AAB168C7FDAF}
	EndProjectSection
EndProject
Project("{8BC9CEB8-8B4A-11D0-8D11-00A0C91BC942}") = "AbsDevice", "AbsDevice\AbsDevice.vcxproj", "{19359162-2614-4CC3-81B1-AAB168C7FDAF}"
EndProject
Project("{2150E333-8FDC-42A3-9474-1A3956D46DE8}") = "YTC", "YTC", "{655AE84D-4B58-4D51-9EFE-CAA2052CB228}"
EndProject
Project("{2150E333-8FDC-42A3-9474-1A3956D46DE8}") = "CAM", "CAM", "{C5560B00-4349-4649-890F-5D8A937FE613}"
EndProject
Project("{8BC9CEB8-8B4A-11D0-8D11-00A0C91BC942}") = "CAM_File", "CAM\CAM_File\CAM_File.vcxproj", "{4A290046-EE5C-424C-96BE-31AF25DA8674}"
EndProject
Project("{8BC9CEB8-8B4A-11D0-8D11-00A0C91BC942}") = "YTC_template", "YTC\YTC_template\YTC_template.vcxproj", "{4EC2C332-9952-4308-9CD1-3C7568C7C432}"
EndProject
Project("{8BC9CEB8-8B4A-11D0-8D11-00A0C91BC942}") = "AbsDevice.NET", "AbsDevice.NET\AbsDevice.NET.vcxproj", "{889D42C5-3D3A-45C6-B445-B390BBD16900}"
	ProjectSection(ProjectDependencies) = postProject
		{19359162-2614-4CC3-81B1-AAB168C7FDAF} = {19359162-2614-4CC3-81B1-AAB168C7FDAF}
	EndProjectSection
EndProject
Project("{FAE04EC0-301F-11D3-BF4B-00C04F79EFBC}") = "AbsDevice.NET.Demo", "AbsDevice.NET.Demo\AbsDevice.NET.Demo.csproj", "{E404C76C-0608-4EEA-AB88-135A794DBB3F}"
EndProject
Project("{FAE04EC0-301F-11D3-BF4B-00C04F79EFBC}") = "SDL2-CS", "SDL-CS\SDL2-CS.csproj", "{85480198-8711-4355-830E-72FD794AD3F6}"
EndProject
Project("{8BC9CEB8-8B4A-11D0-8D11-00A0C91BC942}") = "YTC_HC", "YTC\YTC_HC\YTC_HC.vcxproj", "{D0442483-D0E4-4529-A2B4-16B2D0BD170C}"
EndProject
Project("{8BC9CEB8-8B4A-11D0-8D11-00A0C91BC942}") = "CAM_Sfirm", "CAM\CAM_Sfirm\CAM_Sfirm.vcxproj", "{B31E9AD1-5064-40D6-9277-E6617EC2DA5D}"
EndProject
Global
	GlobalSection(SolutionConfigurationPlatforms) = preSolution
		Debug|Any CPU = Debug|Any CPU
		Debug|Win32 = Debug|Win32
		Debug|x64 = Debug|x64
		Release|Any CPU = Release|Any CPU
		Release|Win32 = Release|Win32
		Release|x64 = Release|x64
	EndGlobalSection
	GlobalSection(ProjectConfigurationPlatforms) = postSolution
		{4324903A-D59A-42B9-91C8-B786A6117C93}.Debug|Any CPU.ActiveCfg = Debug|Win32
		{4324903A-D59A-42B9-91C8-B786A6117C93}.Debug|Win32.ActiveCfg = Debug|Win32
		{4324903A-D59A-42B9-91C8-B786A6117C93}.Debug|x64.ActiveCfg = Debug|Win32
		{4324903A-D59A-42B9-91C8-B786A6117C93}.Release|Any CPU.ActiveCfg = Release|Win32
		{4324903A-D59A-42B9-91C8-B786A6117C93}.Release|Win32.ActiveCfg = Release|Win32
		{4324903A-D59A-42B9-91C8-B786A6117C93}.Release|x64.ActiveCfg = Release|Win32
		{19359162-2614-4CC3-81B1-AAB168C7FDAF}.Debug|Any CPU.ActiveCfg = Debug|Win32
		{19359162-2614-4CC3-81B1-AAB168C7FDAF}.Debug|Win32.ActiveCfg = Debug|Win32
		{19359162-2614-4CC3-81B1-AAB168C7FDAF}.Debug|Win32.Build.0 = Debug|Win32
		{19359162-2614-4CC3-81B1-AAB168C7FDAF}.Debug|x64.ActiveCfg = Debug|Win32
		{19359162-2614-4CC3-81B1-AAB168C7FDAF}.Release|Any CPU.ActiveCfg = Release|Win32
		{19359162-2614-4CC3-81B1-AAB168C7FDAF}.Release|Win32.ActiveCfg = Release|Win32
		{19359162-2614-4CC3-81B1-AAB168C7FDAF}.Release|Win32.Build.0 = Release|Win32
		{19359162-2614-4CC3-81B1-AAB168C7FDAF}.Release|x64.ActiveCfg = Release|Win32
		{4A290046-EE5C-424C-96BE-31AF25DA8674}.Debug|Any CPU.ActiveCfg = Debug|Win32
		{4A290046-EE5C-424C-96BE-31AF25DA8674}.Debug|Win32.ActiveCfg = Debug|Win32
		{4A290046-EE5C-424C-96BE-31AF25DA8674}.Debug|Win32.Build.0 = Debug|Win32
		{4A290046-EE5C-424C-96BE-31AF25DA8674}.Debug|x64.ActiveCfg = Debug|Win32
		{4A290046-EE5C-424C-96BE-31AF25DA8674}.Release|Any CPU.ActiveCfg = Release|Win32
		{4A290046-EE5C-424C-96BE-31AF25DA8674}.Release|Win32.ActiveCfg = Release|Win32
		{4A290046-EE5C-424C-96BE-31AF25DA8674}.Release|Win32.Build.0 = Release|Win32
		{4A290046-EE5C-424C-96BE-31AF25DA8674}.Release|x64.ActiveCfg = Release|Win32
		{4EC2C332-9952-4308-9CD1-3C7568C7C432}.Debug|Any CPU.ActiveCfg = Debug|Win32
		{4EC2C332-9952-4308-9CD1-3C7568C7C432}.Debug|Win32.ActiveCfg = Debug|Win32
		{4EC2C332-9952-4308-9CD1-3C7568C7C432}.Debug|Win32.Build.0 = Debug|Win32
		{4EC2C332-9952-4308-9CD1-3C7568C7C432}.Debug|x64.ActiveCfg = Debug|Win32
		{4EC2C332-9952-4308-9CD1-3C7568C7C432}.Release|Any CPU.ActiveCfg = Release|Win32
		{4EC2C332-9952-4308-9CD1-3C7568C7C432}.Release|Win32.ActiveCfg = Release|Win32
		{4EC2C332-9952-4308-9CD1-3C7568C7C432}.Release|Win32.Build.0 = Release|Win32
		{4EC2C332-9952-4308-9CD1-3C7568C7C432}.Release|x64.ActiveCfg = Release|Win32
		{889D42C5-3D3A-45C6-B445-B390BBD16900}.Debug|Any CPU.ActiveCfg = Debug|Win32
		{889D42C5-3D3A-45C6-B445-B390BBD16900}.Debug|Win32.ActiveCfg = Debug|Win32
		{889D42C5-3D3A-45C6-B445-B390BBD16900}.Debug|Win32.Build.0 = Debug|Win32
		{889D42C5-3D3A-45C6-B445-B390BBD16900}.Debug|x64.ActiveCfg = Debug|Win32
		{889D42C5-3D3A-45C6-B445-B390BBD16900}.Release|Any CPU.ActiveCfg = Release|Win32
		{889D42C5-3D3A-45C6-B445-B390BBD16900}.Release|Win32.ActiveCfg = Release|Win32
		{889D42C5-3D3A-45C6-B445-B390BBD16900}.Release|Win32.Build.0 = Release|Win32
		{889D42C5-3D3A-45C6-B445-B390BBD16900}.Release|x64.ActiveCfg = Release|Win32
		{E404C76C-0608-4EEA-AB88-135A794DBB3F}.Debug|Any CPU.ActiveCfg = Debug|Any CPU
		{E404C76C-0608-4EEA-AB88-135A794DBB3F}.Debug|Any CPU.Build.0 = Debug|Any CPU
		{E404C76C-0608-4EEA-AB88-135A794DBB3F}.Debug|Win32.ActiveCfg = Debug|Any CPU
		{E404C76C-0608-4EEA-AB88-135A794DBB3F}.Debug|Win32.Build.0 = Debug|Any CPU
		{E404C76C-0608-4EEA-AB88-135A794DBB3F}.Debug|x64.ActiveCfg = Debug|Any CPU
		{E404C76C-0608-4EEA-AB88-135A794DBB3F}.Debug|x64.Build.0 = Debug|Any CPU
		{E404C76C-0608-4EEA-AB88-135A794DBB3F}.Release|Any CPU.ActiveCfg = Release|Any CPU
		{E404C76C-0608-4EEA-AB88-135A794DBB3F}.Release|Any CPU.Build.0 = Release|Any CPU
		{E404C76C-0608-4EEA-AB88-135A794DBB3F}.Release|Win32.ActiveCfg = Release|Any CPU
		{E404C76C-0608-4EEA-AB88-135A794DBB3F}.Release|Win32.Build.0 = Release|Any CPU
		{E404C76C-0608-4EEA-AB88-135A794DBB3F}.Release|x64.ActiveCfg = Release|Any CPU
		{E404C76C-0608-4EEA-AB88-135A794DBB3F}.Release|x64.Build.0 = Release|Any CPU
		{85480198-8711-4355-830E-72FD794AD3F6}.Debug|Any CPU.ActiveCfg = Debug|Any CPU
		{85480198-8711-4355-830E-72FD794AD3F6}.Debug|Any CPU.Build.0 = Debug|Any CPU
		{85480198-8711-4355-830E-72FD794AD3F6}.Debug|Win32.ActiveCfg = Debug|x86
		{85480198-8711-4355-830E-72FD794AD3F6}.Debug|Win32.Build.0 = Debug|x86
		{85480198-8711-4355-830E-72FD794AD3F6}.Debug|x64.ActiveCfg = Debug|x64
		{85480198-8711-4355-830E-72FD794AD3F6}.Debug|x64.Build.0 = Debug|x64
		{85480198-8711-4355-830E-72FD794AD3F6}.Release|Any CPU.ActiveCfg = Release|Any CPU
		{85480198-8711-4355-830E-72FD794AD3F6}.Release|Any CPU.Build.0 = Release|Any CPU
		{85480198-8711-4355-830E-72FD794AD3F6}.Release|Win32.ActiveCfg = Release|x86
		{85480198-8711-4355-830E-72FD794AD3F6}.Release|Win32.Build.0 = Release|x86
		{85480198-8711-4355-830E-72FD794AD3F6}.Release|x64.ActiveCfg = Release|x64
		{85480198-8711-4355-830E-72FD794AD3F6}.Release|x64.Build.0 = Release|x64
		{D0442483-D0E4-4529-A2B4-16B2D0BD170C}.Debug|Any CPU.ActiveCfg = Debug|Win32
		{D0442483-D0E4-4529-A2B4-16B2D0BD170C}.Debug|Win32.ActiveCfg = Debug|Win32
		{D0442483-D0E4-4529-A2B4-16B2D0BD170C}.Debug|Win32.Build.0 = Debug|Win32
		{D0442483-D0E4-4529-A2B4-16B2D0BD170C}.Debug|x64.ActiveCfg = Debug|x64
		{D0442483-D0E4-4529-A2B4-16B2D0BD170C}.Debug|x64.Build.0 = Debug|x64
		{D0442483-D0E4-4529-A2B4-16B2D0BD170C}.Release|Any CPU.ActiveCfg = Release|Win32
		{D0442483-D0E4-4529-A2B4-16B2D0BD170C}.Release|Win32.ActiveCfg = Release|Win32
		{D0442483-D0E4-4529-A2B4-16B2D0BD170C}.Release|Win32.Build.0 = Release|Win32
		{D0442483-D0E4-4529-A2B4-16B2D0BD170C}.Release|x64.ActiveCfg = Release|x64
		{D0442483-D0E4-4529-A2B4-16B2D0BD170C}.Release|x64.Build.0 = Release|x64
		{B31E9AD1-5064-40D6-9277-E6617EC2DA5D}.Debug|Any CPU.ActiveCfg = Debug|Win32
		{B31E9AD1-5064-40D6-9277-E6617EC2DA5D}.Debug|Win32.ActiveCfg = Debug|Win32
		{B31E9AD1-5064-40D6-9277-E6617EC2DA5D}.Debug|Win32.Build.0 = Debug|Win32
		{B31E9AD1-5064-40D6-9277-E6617EC2DA5D}.Debug|x64.ActiveCfg = Debug|Win32
		{B31E9AD1-5064-40D6-9277-E6617EC2DA5D}.Release|Any CPU.ActiveCfg = Release|Win32
		{B31E9AD1-5064-40D6-9277-E6617EC2DA5D}.Release|Win32.ActiveCfg = Release|Win32
		{B31E9AD1-5064-40D6-9277-E6617EC2DA5D}.Release|Win32.Build.0 = Release|Win32
		{B31E9AD1-5064-40D6-9277-E6617EC2DA5D}.Release|x64.ActiveCfg = Release|Win32
	EndGlobalSection
	GlobalSection(SolutionProperties) = preSolution
		HideSolutionNode = FALSE
	EndGlobalSection
	GlobalSection(NestedProjects) = preSolution
		{4A290046-EE5C-424C-96BE-31AF25DA8674} = {C5560B00-4349-4649-890F-5D8A937FE613}
		{4EC2C332-9952-4308-9CD1-3C7568C7C432} = {655AE84D-4B58-4D51-9EFE-CAA2052CB228}
		{D0442483-D0E4-4529-A2B4-16B2D0BD170C} = {655AE84D-4B58-4D51-9EFE-CAA2052CB228}
		{B31E9AD1-5064-40D6-9277-E6617EC2DA5D} = {C5560B00-4349-4649-890F-5D8A937FE613}
	EndGlobalSection
EndGlobal
